
Microsoft Visual Studio Solution File, Format Version 12.00
# Visual Studio Version 16
VisualStudioVersion = 16.0.31729.503
MinimumVisualStudioVersion = 10.0.40219.1
Project("{8BC9CEB8-8B4A-11D0-8D11-00A0C91BC942}") = "U2110207Lab7", "U2110207Lab7.vcxproj", "{F7C0E30D-DAE5-47E0-BFD1-0CAE98F765A0}"
EndProject
Global
	GlobalSection(SolutionConfigurationPlatforms) = preSolution
		Debug|x64 = Debug|x64
		Debug|x86 = Debug|x86
		Release|x64 = Release|x64
		Release|x86 = Release|x86
	EndGlobalSection
	GlobalSection(ProjectConfigurationPlatforms) = postSolution
		{F7C0E30D-DAE5-47E0-BFD1-0CAE98F765A0}.Debug|x64.ActiveCfg = Debug|x64
		{F7C0E30D-DAE5-47E0-BFD1-0CAE98F765A0}.Debug|x64.Build.0 = Debug|x64
		{F7C0E30D-DAE5-47E0-BFD1-0CAE98F765A0}.Debug|x86.ActiveCfg = Debug|Win32
		{F7C0E30D-DAE5-47E0-BFD1-0CAE98F765A0}.Debug|x86.Build.0 = Debug|Win32
		{F7C0E30D-DAE5-47E0-BFD1-0CAE98F765A0}.Release|x64.ActiveCfg = Release|x64
		{F7C0E30D-DAE5-47E0-BFD1-0CAE98F765A0}.Release|x64.Build.0 = Release|x64
		{F7C0E30D-DAE5-47E0-BFD1-0CAE98F765A0}.Release|x86.ActiveCfg = Release|Win32
		{F7C0E30D-DAE5-47E0-BFD1-0CAE98F765A0}.Release|x86.Build.0 = Release|Win32
	EndGlobalSection
	GlobalSection(SolutionProperties) = preSolution
		HideSolutionNode = FALSE
	EndGlobalSection
	GlobalSection(ExtensibilityGlobals) = postSolution
		SolutionGuid = {B9097B28-7F1D-4F92-826E-5690E3D237B5}
	EndGlobalSection
EndGlobal
